
Microsoft Visual Studio Solution File, Format Version 12.00
# Visual Studio Version 16
VisualStudioVersion = 16.6.30114.105
MinimumVisualStudioVersion = 10.0.40219.1
Project("{2150E333-8FDC-42A3-9474-1A3956D46DE8}") = "src", "src", "{199C6A25-86DB-4105-A5B9-D3C05A79F42E}"
EndProject
Project("{FAE04EC0-301F-11D3-BF4B-00C04F79EFBC}") = "EcommerceApp.Web", "src\EcommerceApp.Web\EcommerceApp.Web.csproj", "{596C597B-6D24-4756-8E70-39E8F050B52F}"
EndProject
Project("{FAE04EC0-301F-11D3-BF4B-00C04F79EFBC}") = "EcommerceApp.Infrastructure", "src\EcommerceApp.Infrastructure\EcommerceApp.Infrastructure.csproj", "{D9EC9DC8-A021-451A-8FBC-30E07143978A}"
EndProject
Project("{FAE04EC0-301F-11D3-BF4B-00C04F79EFBC}") = "EcommerceApp.Domain", "src\EcommerceApp.Domain\EcommerceApp.Domain.csproj", "{6FD1F4F3-CB3C-4ABC-A9E5-0F0657E62F11}"
EndProject
Project("{FAE04EC0-301F-11D3-BF4B-00C04F79EFBC}") = "EcommerceApp.Application", "src\EcommerceApp.Application\EcommerceApp.Application.csproj", "{1F20BE0E-701A-462E-BB88-F9E03C7FC1E6}"
EndProject
Project("{2150E333-8FDC-42A3-9474-1A3956D46DE8}") = "tests", "tests", "{3E24E4DC-7026-440C-8BFC-0B10C8894A07}"
EndProject
Project("{FAE04EC0-301F-11D3-BF4B-00C04F79EFBC}") = "EcommerceApp.Infrastructure.Tests", "tests\EcommerceApp.Infrastructure.Tests\EcommerceApp.Infrastructure.Tests.csproj", "{FFB6A952-40AE-46AC-956C-C9DA1AB83D4E}"
EndProject
Project("{FAE04EC0-301F-11D3-BF4B-00C04F79EFBC}") = "EcommerceApp.Application.Tests", "tests\EcommerceApp.Application.Tests\EcommerceApp.Application.Tests.csproj", "{D2EB4C90-CF86-42D2-8A0B-B168DBDB1CEB}"
EndProject
Project("{FAE04EC0-301F-11D3-BF4B-00C04F79EFBC}") = "EcommerceApp.Web.Tests", "tests\EcommerceApp.Web.Tests\EcommerceApp.Web.Tests.csproj", "{0F3F520A-75F8-4E89-A9A0-1925943FBD71}"
EndProject
Global
	GlobalSection(SolutionConfigurationPlatforms) = preSolution
		Debug|Any CPU = Debug|Any CPU
		Debug|x64 = Debug|x64
		Debug|x86 = Debug|x86
		Release|Any CPU = Release|Any CPU
		Release|x64 = Release|x64
		Release|x86 = Release|x86
	EndGlobalSection
	GlobalSection(SolutionProperties) = preSolution
		HideSolutionNode = FALSE
	EndGlobalSection
	GlobalSection(ProjectConfigurationPlatforms) = postSolution
		{596C597B-6D24-4756-8E70-39E8F050B52F}.Debug|Any CPU.ActiveCfg = Debug|Any CPU
		{596C597B-6D24-4756-8E70-39E8F050B52F}.Debug|Any CPU.Build.0 = Debug|Any CPU
		{596C597B-6D24-4756-8E70-39E8F050B52F}.Debug|x64.ActiveCfg = Debug|Any CPU
		{596C597B-6D24-4756-8E70-39E8F050B52F}.Debug|x64.Build.0 = Debug|Any CPU
		{596C597B-6D24-4756-8E70-39E8F050B52F}.Debug|x86.ActiveCfg = Debug|Any CPU
		{596C597B-6D24-4756-8E70-39E8F050B52F}.Debug|x86.Build.0 = Debug|Any CPU
		{596C597B-6D24-4756-8E70-39E8F050B52F}.Release|Any CPU.ActiveCfg = Release|Any CPU
		{596C597B-6D24-4756-8E70-39E8F050B52F}.Release|Any CPU.Build.0 = Release|Any CPU
		{596C597B-6D24-4756-8E70-39E8F050B52F}.Release|x64.ActiveCfg = Release|Any CPU
		{596C597B-6D24-4756-8E70-39E8F050B52F}.Release|x64.Build.0 = Release|Any CPU
		{596C597B-6D24-4756-8E70-39E8F050B52F}.Release|x86.ActiveCfg = Release|Any CPU
		{596C597B-6D24-4756-8E70-39E8F050B52F}.Release|x86.Build.0 = Release|Any CPU
		{D9EC9DC8-A021-451A-8FBC-30E07143978A}.Debug|Any CPU.ActiveCfg = Debug|Any CPU
		{D9EC9DC8-A021-451A-8FBC-30E07143978A}.Debug|Any CPU.Build.0 = Debug|Any CPU
		{D9EC9DC8-A021-451A-8FBC-30E07143978A}.Debug|x64.ActiveCfg = Debug|Any CPU
		{D9EC9DC8-A021-451A-8FBC-30E07143978A}.Debug|x64.Build.0 = Debug|Any CPU
		{D9EC9DC8-A021-451A-8FBC-30E07143978A}.Debug|x86.ActiveCfg = Debug|Any CPU
		{D9EC9DC8-A021-451A-8FBC-30E07143978A}.Debug|x86.Build.0 = Debug|Any CPU
		{D9EC9DC8-A021-451A-8FBC-30E07143978A}.Release|Any CPU.ActiveCfg = Release|Any CPU
		{D9EC9DC8-A021-451A-8FBC-30E07143978A}.Release|Any CPU.Build.0 = Release|Any CPU
		{D9EC9DC8-A021-451A-8FBC-30E07143978A}.Release|x64.ActiveCfg = Release|Any CPU
		{D9EC9DC8-A021-451A-8FBC-30E07143978A}.Release|x64.Build.0 = Release|Any CPU
		{D9EC9DC8-A021-451A-8FBC-30E07143978A}.Release|x86.ActiveCfg = Release|Any CPU
		{D9EC9DC8-A021-451A-8FBC-30E07143978A}.Release|x86.Build.0 = Release|Any CPU
		{6FD1F4F3-CB3C-4ABC-A9E5-0F0657E62F11}.Debug|Any CPU.ActiveCfg = Debug|Any CPU
		{6FD1F4F3-CB3C-4ABC-A9E5-0F0657E62F11}.Debug|Any CPU.Build.0 = Debug|Any CPU
		{6FD1F4F3-CB3C-4ABC-A9E5-0F0657E62F11}.Debug|x64.ActiveCfg = Debug|Any CPU
		{6FD1F4F3-CB3C-4ABC-A9E5-0F0657E62F11}.Debug|x64.Build.0 = Debug|Any CPU
		{6FD1F4F3-CB3C-4ABC-A9E5-0F0657E62F11}.Debug|x86.ActiveCfg = Debug|Any CPU
		{6FD1F4F3-CB3C-4ABC-A9E5-0F0657E62F11}.Debug|x86.Build.0 = Debug|Any CPU
		{6FD1F4F3-CB3C-4ABC-A9E5-0F0657E62F11}.Release|Any CPU.ActiveCfg = Release|Any CPU
		{6FD1F4F3-CB3C-4ABC-A9E5-0F0657E62F11}.Release|Any CPU.Build.0 = Release|Any CPU
		{6FD1F4F3-CB3C-4ABC-A9E5-0F0657E62F11}.Release|x64.ActiveCfg = Release|Any CPU
		{6FD1F4F3-CB3C-4ABC-A9E5-0F0657E62F11}.Release|x64.Build.0 = Release|Any CPU
		{6FD1F4F3-CB3C-4ABC-A9E5-0F0657E62F11}.Release|x86.ActiveCfg = Release|Any CPU
		{6FD1F4F3-CB3C-4ABC-A9E5-0F0657E62F11}.Release|x86.Build.0 = Release|Any CPU
		{1F20BE0E-701A-462E-BB88-F9E03C7FC1E6}.Debug|Any CPU.ActiveCfg = Debug|Any CPU
		{1F20BE0E-701A-462E-BB88-F9E03C7FC1E6}.Debug|Any CPU.Build.0 = Debug|Any CPU
		{1F20BE0E-701A-462E-BB88-F9E03C7FC1E6}.Debug|x64.ActiveCfg = Debug|Any CPU
		{1F20BE0E-701A-462E-BB88-F9E03C7FC1E6}.Debug|x64.Build.0 = Debug|Any CPU
		{1F20BE0E-701A-462E-BB88-F9E03C7FC1E6}.Debug|x86.ActiveCfg = Debug|Any CPU
		{1F20BE0E-701A-462E-BB88-F9E03C7FC1E6}.Debug|x86.Build.0 = Debug|Any CPU
		{1F20BE0E-701A-462E-BB88-F9E03C7FC1E6}.Release|Any CPU.ActiveCfg = Release|Any CPU
		{1F20BE0E-701A-462E-BB88-F9E03C7FC1E6}.Release|Any CPU.Build.0 = Release|Any CPU
		{1F20BE0E-701A-462E-BB88-F9E03C7FC1E6}.Release|x64.ActiveCfg = Release|Any CPU
		{1F20BE0E-701A-462E-BB88-F9E03C7FC1E6}.Release|x64.Build.0 = Release|Any CPU
		{1F20BE0E-701A-462E-BB88-F9E03C7FC1E6}.Release|x86.ActiveCfg = Release|Any CPU
		{1F20BE0E-701A-462E-BB88-F9E03C7FC1E6}.Release|x86.Build.0 = Release|Any CPU
		{FFB6A952-40AE-46AC-956C-C9DA1AB83D4E}.Debug|Any CPU.ActiveCfg = Debug|Any CPU
		{FFB6A952-40AE-46AC-956C-C9DA1AB83D4E}.Debug|Any CPU.Build.0 = Debug|Any CPU
		{FFB6A952-40AE-46AC-956C-C9DA1AB83D4E}.Debug|x64.ActiveCfg = Debug|Any CPU
		{FFB6A952-40AE-46AC-956C-C9DA1AB83D4E}.Debug|x64.Build.0 = Debug|Any CPU
		{FFB6A952-40AE-46AC-956C-C9DA1AB83D4E}.Debug|x86.ActiveCfg = Debug|Any CPU
		{FFB6A952-40AE-46AC-956C-C9DA1AB83D4E}.Debug|x86.Build.0 = Debug|Any CPU
		{FFB6A952-40AE-46AC-956C-C9DA1AB83D4E}.Release|Any CPU.ActiveCfg = Release|Any CPU
		{FFB6A952-40AE-46AC-956C-C9DA1AB83D4E}.Release|Any CPU.Build.0 = Release|Any CPU
		{FFB6A952-40AE-46AC-956C-C9DA1AB83D4E}.Release|x64.ActiveCfg = Release|Any CPU
		{FFB6A952-40AE-46AC-956C-C9DA1AB83D4E}.Release|x64.Build.0 = Release|Any CPU
		{FFB6A952-40AE-46AC-956C-C9DA1AB83D4E}.Release|x86.ActiveCfg = Release|Any CPU
		{FFB6A952-40AE-46AC-956C-C9DA1AB83D4E}.Release|x86.Build.0 = Release|Any CPU
		{D2EB4C90-CF86-42D2-8A0B-B168DBDB1CEB}.Debug|Any CPU.ActiveCfg = Debug|Any CPU
		{D2EB4C90-CF86-42D2-8A0B-B168DBDB1CEB}.Debug|Any CPU.Build.0 = Debug|Any CPU
		{D2EB4C90-CF86-42D2-8A0B-B168DBDB1CEB}.Debug|x64.ActiveCfg = Debug|Any CPU
		{D2EB4C90-CF86-42D2-8A0B-B168DBDB1CEB}.Debug|x64.Build.0 = Debug|Any CPU
		{D2EB4C90-CF86-42D2-8A0B-B168DBDB1CEB}.Debug|x86.ActiveCfg = Debug|Any CPU
		{D2EB4C90-CF86-42D2-8A0B-B168DBDB1CEB}.Debug|x86.Build.0 = Debug|Any CPU
		{D2EB4C90-CF86-42D2-8A0B-B168DBDB1CEB}.Release|Any CPU.ActiveCfg = Release|Any CPU
		{D2EB4C90-CF86-42D2-8A0B-B168DBDB1CEB}.Release|Any CPU.Build.0 = Release|Any CPU
		{D2EB4C90-CF86-42D2-8A0B-B168DBDB1CEB}.Release|x64.ActiveCfg = Release|Any CPU
		{D2EB4C90-CF86-42D2-8A0B-B168DBDB1CEB}.Release|x64.Build.0 = Release|Any CPU
		{D2EB4C90-CF86-42D2-8A0B-B168DBDB1CEB}.Release|x86.ActiveCfg = Release|Any CPU
		{D2EB4C90-CF86-42D2-8A0B-B168DBDB1CEB}.Release|x86.Build.0 = Release|Any CPU
		{0F3F520A-75F8-4E89-A9A0-1925943FBD71}.Debug|Any CPU.ActiveCfg = Debug|Any CPU
		{0F3F520A-75F8-4E89-A9A0-1925943FBD71}.Debug|Any CPU.Build.0 = Debug|Any CPU
		{0F3F520A-75F8-4E89-A9A0-1925943FBD71}.Debug|x64.ActiveCfg = Debug|Any CPU
		{0F3F520A-75F8-4E89-A9A0-1925943FBD71}.Debug|x64.Build.0 = Debug|Any CPU
		{0F3F520A-75F8-4E89-A9A0-1925943FBD71}.Debug|x86.ActiveCfg = Debug|Any CPU
		{0F3F520A-75F8-4E89-A9A0-1925943FBD71}.Debug|x86.Build.0 = Debug|Any CPU
		{0F3F520A-75F8-4E89-A9A0-1925943FBD71}.Release|Any CPU.ActiveCfg = Release|Any CPU
		{0F3F520A-75F8-4E89-A9A0-1925943FBD71}.Release|Any CPU.Build.0 = Release|Any CPU
		{0F3F520A-75F8-4E89-A9A0-1925943FBD71}.Release|x64.ActiveCfg = Release|Any CPU
		{0F3F520A-75F8-4E89-A9A0-1925943FBD71}.Release|x64.Build.0 = Release|Any CPU
		{0F3F520A-75F8-4E89-A9A0-1925943FBD71}.Release|x86.ActiveCfg = Release|Any CPU
		{0F3F520A-75F8-4E89-A9A0-1925943FBD71}.Release|x86.Build.0 = Release|Any CPU
	EndGlobalSection
	GlobalSection(NestedProjects) = preSolution
		{596C597B-6D24-4756-8E70-39E8F050B52F} = {199C6A25-86DB-4105-A5B9-D3C05A79F42E}
		{D9EC9DC8-A021-451A-8FBC-30E07143978A} = {199C6A25-86DB-4105-A5B9-D3C05A79F42E}
		{6FD1F4F3-CB3C-4ABC-A9E5-0F0657E62F11} = {199C6A25-86DB-4105-A5B9-D3C05A79F42E}
		{1F20BE0E-701A-462E-BB88-F9E03C7FC1E6} = {199C6A25-86DB-4105-A5B9-D3C05A79F42E}
		{FFB6A952-40AE-46AC-956C-C9DA1AB83D4E} = {3E24E4DC-7026-440C-8BFC-0B10C8894A07}
		{D2EB4C90-CF86-42D2-8A0B-B168DBDB1CEB} = {3E24E4DC-7026-440C-8BFC-0B10C8894A07}
		{0F3F520A-75F8-4E89-A9A0-1925943FBD71} = {3E24E4DC-7026-440C-8BFC-0B10C8894A07}
	EndGlobalSection
EndGlobal
